
Microsoft Visual Studio Solution File, Format Version 12.00
# Visual Studio Version 17
VisualStudioVersion = 17.5.002.0
MinimumVisualStudioVersion = 10.0.40219.1
Project("{9A19103F-16F7-4668-BE54-9A1E7A4F7556}") = "storeAPI", "storeAPI.csproj", "{ED1984C8-F9B5-4EC4-806B-F311596D5661}"
EndProject
Global
	GlobalSection(SolutionConfigurationPlatforms) = preSolution
		Debug|Any CPU = Debug|Any CPU
		Release|Any CPU = Release|Any CPU
	EndGlobalSection
	GlobalSection(ProjectConfigurationPlatforms) = postSolution
		{ED1984C8-F9B5-4EC4-806B-F311596D5661}.Debug|Any CPU.ActiveCfg = Debug|Any CPU
		{ED1984C8-F9B5-4EC4-806B-F311596D5661}.Debug|Any CPU.Build.0 = Debug|Any CPU
		{ED1984C8-F9B5-4EC4-806B-F311596D5661}.Release|Any CPU.ActiveCfg = Release|Any CPU
		{ED1984C8-F9B5-4EC4-806B-F311596D5661}.Release|Any CPU.Build.0 = Release|Any CPU
	EndGlobalSection
	GlobalSection(SolutionProperties) = preSolution
		HideSolutionNode = FALSE
	EndGlobalSection
	GlobalSection(ExtensibilityGlobals) = postSolution
		SolutionGuid = {68E0702A-0532-40EC-9E79-0CF042E591EA}
	EndGlobalSection
EndGlobal
